
Microsoft Visual Studio Solution File, Format Version 12.00
# Visual Studio Version 16
VisualStudioVersion = 16.0.30517.126
MinimumVisualStudioVersion = 10.0.40219.1
Project("{8BC9CEB8-8B4A-11D0-8D11-00A0C91BC942}") = "rayt", "rayt\rayt.vcxproj", "{C94A460E-D32E-4A43-921F-4A6889792AA2}"
EndProject
Global
	GlobalSection(SolutionConfigurationPlatforms) = preSolution
		Debug|x64 = Debug|x64
	EndGlobalSection
	GlobalSection(ProjectConfigurationPlatforms) = postSolution
		{C94A460E-D32E-4A43-921F-4A6889792AA2}.Debug|x64.ActiveCfg = Debug|x64
		{C94A460E-D32E-4A43-921F-4A6889792AA2}.Debug|x64.Build.0 = Debug|x64
	EndGlobalSection
	GlobalSection(SolutionProperties) = preSolution
		HideSolutionNode = FALSE
	EndGlobalSection
	GlobalSection(ExtensibilityGlobals) = postSolution
		SolutionGuid = {11C4AA47-49B1-4983-9603-04BA31AED778}
	EndGlobalSection
EndGlobal
